
Microsoft Visual Studio Solution File, Format Version 12.00
# Visual Studio Version 17
VisualStudioVersion = 17.8.34511.84
MinimumVisualStudioVersion = 10.0.40219.1
Project("{FAE04EC0-301F-11D3-BF4B-00C04F79EFBC}") = "Estoque.Services.Api", "Estoque.Services.Api\Estoque.Services.Api.csproj", "{AC7D636D-8A44-4CE3-A85F-61D15668C83A}"
EndProject
Project("{2150E333-8FDC-42A3-9474-1A3956D46DE8}") = "1 - Services", "1 - Services", "{8B855505-B10B-4C40-A812-64EF311F0891}"
EndProject
Project("{2150E333-8FDC-42A3-9474-1A3956D46DE8}") = "2 - Application", "2 - Application", "{85082A9C-D852-4B8D-80DC-E2C4ECD7C350}"
EndProject
Project("{2150E333-8FDC-42A3-9474-1A3956D46DE8}") = "3 - Domain", "3 - Domain", "{53345735-8B69-497E-9614-05CA2AFE97AD}"
EndProject
Project("{2150E333-8FDC-42A3-9474-1A3956D46DE8}") = "4 - InfraStructure", "4 - InfraStructure", "{01853ED7-787C-4626-909B-4CB94DC7789A}"
EndProject
Project("{2150E333-8FDC-42A3-9474-1A3956D46DE8}") = "Core", "Core", "{65243024-2AC8-4654-B663-3852B3CE2EF4}"
EndProject
Project("{2150E333-8FDC-42A3-9474-1A3956D46DE8}") = "Impl", "Impl", "{34DAD21C-E2F8-4F4A-BA51-797317985A54}"
EndProject
Project("{2150E333-8FDC-42A3-9474-1A3956D46DE8}") = "Data", "Data", "{A3AAA655-77B9-4A0A-9997-DC7494624E50}"
EndProject
Project("{FAE04EC0-301F-11D3-BF4B-00C04F79EFBC}") = "Estoque.Domain.Core", "Estoque.Domain.Core\Estoque.Domain.Core.csproj", "{2E578E7B-585A-4C01-A678-37B656EE3E26}"
EndProject
Global
	GlobalSection(SolutionConfigurationPlatforms) = preSolution
		Debug|Any CPU = Debug|Any CPU
		Release|Any CPU = Release|Any CPU
	EndGlobalSection
	GlobalSection(ProjectConfigurationPlatforms) = postSolution
		{AC7D636D-8A44-4CE3-A85F-61D15668C83A}.Debug|Any CPU.ActiveCfg = Debug|Any CPU
		{AC7D636D-8A44-4CE3-A85F-61D15668C83A}.Debug|Any CPU.Build.0 = Debug|Any CPU
		{AC7D636D-8A44-4CE3-A85F-61D15668C83A}.Release|Any CPU.ActiveCfg = Release|Any CPU
		{AC7D636D-8A44-4CE3-A85F-61D15668C83A}.Release|Any CPU.Build.0 = Release|Any CPU
		{2E578E7B-585A-4C01-A678-37B656EE3E26}.Debug|Any CPU.ActiveCfg = Debug|Any CPU
		{2E578E7B-585A-4C01-A678-37B656EE3E26}.Debug|Any CPU.Build.0 = Debug|Any CPU
		{2E578E7B-585A-4C01-A678-37B656EE3E26}.Release|Any CPU.ActiveCfg = Release|Any CPU
		{2E578E7B-585A-4C01-A678-37B656EE3E26}.Release|Any CPU.Build.0 = Release|Any CPU
	EndGlobalSection
	GlobalSection(SolutionProperties) = preSolution
		HideSolutionNode = FALSE
	EndGlobalSection
	GlobalSection(NestedProjects) = preSolution
		{AC7D636D-8A44-4CE3-A85F-61D15668C83A} = {8B855505-B10B-4C40-A812-64EF311F0891}
		{65243024-2AC8-4654-B663-3852B3CE2EF4} = {53345735-8B69-497E-9614-05CA2AFE97AD}
		{34DAD21C-E2F8-4F4A-BA51-797317985A54} = {53345735-8B69-497E-9614-05CA2AFE97AD}
		{A3AAA655-77B9-4A0A-9997-DC7494624E50} = {01853ED7-787C-4626-909B-4CB94DC7789A}
		{2E578E7B-585A-4C01-A678-37B656EE3E26} = {53345735-8B69-497E-9614-05CA2AFE97AD}
	EndGlobalSection
	GlobalSection(ExtensibilityGlobals) = postSolution
		SolutionGuid = {CB9300FD-3D1B-40F4-8495-B603108412C4}
	EndGlobalSection
EndGlobal
